
Microsoft Visual Studio Solution File, Format Version 12.00
# Visual Studio Version 17
VisualStudioVersion = 17.0.31903.59
MinimumVisualStudioVersion = 10.0.40219.1
Project("{2150E333-8FDC-42A3-9474-1A3956D46DE8}") = "libs", "libs", "{6C4D298B-81FB-2B6B-5AB6-46205EDDC72C}"
EndProject
Project("{2150E333-8FDC-42A3-9474-1A3956D46DE8}") = "EvalEngine", "EvalEngine", "{1893A433-66B3-B73E-5BDE-462294E54AE0}"
EndProject
Project("{2150E333-8FDC-42A3-9474-1A3956D46DE8}") = "src", "src", "{0BEB2D0A-461E-4ADE-AFA3-D8645A018A51}"
EndProject
Project("{FAE04EC0-301F-11D3-BF4B-00C04F79EFBC}") = "Forge.EvalEngine", "libs\EvalEngine\src\Forge.EvalEngine.csproj", "{8A84CDED-BF50-428A-8CC3-8A336C66656A}"
EndProject
Project("{2150E333-8FDC-42A3-9474-1A3956D46DE8}") = "tests", "tests", "{6AC68480-9EDA-3AA9-D3E9-0EC61933CC08}"
EndProject
Project("{FAE04EC0-301F-11D3-BF4B-00C04F79EFBC}") = "Forge.EvalEngine.Tests", "libs\EvalEngine\tests\Forge.EvalEngine.Tests.csproj", "{CA848DEC-AF67-4308-AE53-01A08C0D4969}"
EndProject
Project("{2150E333-8FDC-42A3-9474-1A3956D46DE8}") = "tools", "tools", "{07C2787E-EAC7-C090-1BA3-A61EC2A24D84}"
EndProject
Project("{2150E333-8FDC-42A3-9474-1A3956D46DE8}") = "EvalCli", "EvalCli", "{D283A0D3-C2E3-9544-64B7-D6FD8C4B135C}"
EndProject
Project("{2150E333-8FDC-42A3-9474-1A3956D46DE8}") = "src", "src", "{41729B43-9038-368F-F47D-3EBF6C02D735}"
EndProject
Project("{FAE04EC0-301F-11D3-BF4B-00C04F79EFBC}") = "Forge.EvalCli", "tools\EvalCli\src\Forge.EvalCli.csproj", "{07CF59C7-A34F-4484-973F-6E06BDE5BF02}"
EndProject
Project("{2150E333-8FDC-42A3-9474-1A3956D46DE8}") = "tests", "tests", "{F9533F34-D59B-5846-10A9-5E2BB17266B6}"
EndProject
Project("{FAE04EC0-301F-11D3-BF4B-00C04F79EFBC}") = "Forge.EvalCli.Tests", "tools\EvalCli\tests\Forge.EvalCli.Tests.csproj", "{12C5E31B-7A4F-41E7-867F-139D3E8C3A2B}"
EndProject
Global
	GlobalSection(SolutionConfigurationPlatforms) = preSolution
		Debug|Any CPU = Debug|Any CPU
		Debug|x64 = Debug|x64
		Debug|x86 = Debug|x86
		Release|Any CPU = Release|Any CPU
		Release|x64 = Release|x64
		Release|x86 = Release|x86
	EndGlobalSection
	GlobalSection(ProjectConfigurationPlatforms) = postSolution
		{8A84CDED-BF50-428A-8CC3-8A336C66656A}.Debug|Any CPU.ActiveCfg = Debug|Any CPU
		{8A84CDED-BF50-428A-8CC3-8A336C66656A}.Debug|Any CPU.Build.0 = Debug|Any CPU
		{8A84CDED-BF50-428A-8CC3-8A336C66656A}.Debug|x64.ActiveCfg = Debug|Any CPU
		{8A84CDED-BF50-428A-8CC3-8A336C66656A}.Debug|x64.Build.0 = Debug|Any CPU
		{8A84CDED-BF50-428A-8CC3-8A336C66656A}.Debug|x86.ActiveCfg = Debug|Any CPU
		{8A84CDED-BF50-428A-8CC3-8A336C66656A}.Debug|x86.Build.0 = Debug|Any CPU
		{8A84CDED-BF50-428A-8CC3-8A336C66656A}.Release|Any CPU.ActiveCfg = Release|Any CPU
		{8A84CDED-BF50-428A-8CC3-8A336C66656A}.Release|Any CPU.Build.0 = Release|Any CPU
		{8A84CDED-BF50-428A-8CC3-8A336C66656A}.Release|x64.ActiveCfg = Release|Any CPU
		{8A84CDED-BF50-428A-8CC3-8A336C66656A}.Release|x64.Build.0 = Release|Any CPU
		{8A84CDED-BF50-428A-8CC3-8A336C66656A}.Release|x86.ActiveCfg = Release|Any CPU
		{8A84CDED-BF50-428A-8CC3-8A336C66656A}.Release|x86.Build.0 = Release|Any CPU
		{CA848DEC-AF67-4308-AE53-01A08C0D4969}.Debug|Any CPU.ActiveCfg = Debug|Any CPU
		{CA848DEC-AF67-4308-AE53-01A08C0D4969}.Debug|Any CPU.Build.0 = Debug|Any CPU
		{CA848DEC-AF67-4308-AE53-01A08C0D4969}.Debug|x64.ActiveCfg = Debug|Any CPU
		{CA848DEC-AF67-4308-AE53-01A08C0D4969}.Debug|x64.Build.0 = Debug|Any CPU
		{CA848DEC-AF67-4308-AE53-01A08C0D4969}.Debug|x86.ActiveCfg = Debug|Any CPU
		{CA848DEC-AF67-4308-AE53-01A08C0D4969}.Debug|x86.Build.0 = Debug|Any CPU
		{CA848DEC-AF67-4308-AE53-01A08C0D4969}.Release|Any CPU.ActiveCfg = Release|Any CPU
		{CA848DEC-AF67-4308-AE53-01A08C0D4969}.Release|Any CPU.Build.0 = Release|Any CPU
		{CA848DEC-AF67-4308-AE53-01A08C0D4969}.Release|x64.ActiveCfg = Release|Any CPU
		{CA848DEC-AF67-4308-AE53-01A08C0D4969}.Release|x64.Build.0 = Release|Any CPU
		{CA848DEC-AF67-4308-AE53-01A08C0D4969}.Release|x86.ActiveCfg = Release|Any CPU
		{CA848DEC-AF67-4308-AE53-01A08C0D4969}.Release|x86.Build.0 = Release|Any CPU
		{07CF59C7-A34F-4484-973F-6E06BDE5BF02}.Debug|Any CPU.ActiveCfg = Debug|Any CPU
		{07CF59C7-A34F-4484-973F-6E06BDE5BF02}.Debug|Any CPU.Build.0 = Debug|Any CPU
		{07CF59C7-A34F-4484-973F-6E06BDE5BF02}.Debug|x64.ActiveCfg = Debug|Any CPU
		{07CF59C7-A34F-4484-973F-6E06BDE5BF02}.Debug|x64.Build.0 = Debug|Any CPU
		{07CF59C7-A34F-4484-973F-6E06BDE5BF02}.Debug|x86.ActiveCfg = Debug|Any CPU
		{07CF59C7-A34F-4484-973F-6E06BDE5BF02}.Debug|x86.Build.0 = Debug|Any CPU
		{07CF59C7-A34F-4484-973F-6E06BDE5BF02}.Release|Any CPU.ActiveCfg = Release|Any CPU
		{07CF59C7-A34F-4484-973F-6E06BDE5BF02}.Release|Any CPU.Build.0 = Release|Any CPU
		{07CF59C7-A34F-4484-973F-6E06BDE5BF02}.Release|x64.ActiveCfg = Release|Any CPU
		{07CF59C7-A34F-4484-973F-6E06BDE5BF02}.Release|x64.Build.0 = Release|Any CPU
		{07CF59C7-A34F-4484-973F-6E06BDE5BF02}.Release|x86.ActiveCfg = Release|Any CPU
		{07CF59C7-A34F-4484-973F-6E06BDE5BF02}.Release|x86.Build.0 = Release|Any CPU
		{12C5E31B-7A4F-41E7-867F-139D3E8C3A2B}.Debug|Any CPU.ActiveCfg = Debug|Any CPU
		{12C5E31B-7A4F-41E7-867F-139D3E8C3A2B}.Debug|Any CPU.Build.0 = Debug|Any CPU
		{12C5E31B-7A4F-41E7-867F-139D3E8C3A2B}.Debug|x64.ActiveCfg = Debug|Any CPU
		{12C5E31B-7A4F-41E7-867F-139D3E8C3A2B}.Debug|x64.Build.0 = Debug|Any CPU
		{12C5E31B-7A4F-41E7-867F-139D3E8C3A2B}.Debug|x86.ActiveCfg = Debug|Any CPU
		{12C5E31B-7A4F-41E7-867F-139D3E8C3A2B}.Debug|x86.Build.0 = Debug|Any CPU
		{12C5E31B-7A4F-41E7-867F-139D3E8C3A2B}.Release|Any CPU.ActiveCfg = Release|Any CPU
		{12C5E31B-7A4F-41E7-867F-139D3E8C3A2B}.Release|Any CPU.Build.0 = Release|Any CPU
		{12C5E31B-7A4F-41E7-867F-139D3E8C3A2B}.Release|x64.ActiveCfg = Release|Any CPU
		{12C5E31B-7A4F-41E7-867F-139D3E8C3A2B}.Release|x64.Build.0 = Release|Any CPU
		{12C5E31B-7A4F-41E7-867F-139D3E8C3A2B}.Release|x86.ActiveCfg = Release|Any CPU
		{12C5E31B-7A4F-41E7-867F-139D3E8C3A2B}.Release|x86.Build.0 = Release|Any CPU
	EndGlobalSection
	GlobalSection(SolutionProperties) = preSolution
		HideSolutionNode = FALSE
	EndGlobalSection
	GlobalSection(NestedProjects) = preSolution
		{1893A433-66B3-B73E-5BDE-462294E54AE0} = {6C4D298B-81FB-2B6B-5AB6-46205EDDC72C}
		{0BEB2D0A-461E-4ADE-AFA3-D8645A018A51} = {1893A433-66B3-B73E-5BDE-462294E54AE0}
		{8A84CDED-BF50-428A-8CC3-8A336C66656A} = {0BEB2D0A-461E-4ADE-AFA3-D8645A018A51}
		{6AC68480-9EDA-3AA9-D3E9-0EC61933CC08} = {1893A433-66B3-B73E-5BDE-462294E54AE0}
		{CA848DEC-AF67-4308-AE53-01A08C0D4969} = {6AC68480-9EDA-3AA9-D3E9-0EC61933CC08}
		{D283A0D3-C2E3-9544-64B7-D6FD8C4B135C} = {07C2787E-EAC7-C090-1BA3-A61EC2A24D84}
		{41729B43-9038-368F-F47D-3EBF6C02D735} = {D283A0D3-C2E3-9544-64B7-D6FD8C4B135C}
		{07CF59C7-A34F-4484-973F-6E06BDE5BF02} = {41729B43-9038-368F-F47D-3EBF6C02D735}
		{F9533F34-D59B-5846-10A9-5E2BB17266B6} = {D283A0D3-C2E3-9544-64B7-D6FD8C4B135C}
		{12C5E31B-7A4F-41E7-867F-139D3E8C3A2B} = {F9533F34-D59B-5846-10A9-5E2BB17266B6}
	EndGlobalSection
EndGlobal
